
Microsoft Visual Studio Solution File, Format Version 12.00
# Visual Studio Version 17
VisualStudioVersion = 17.8.34525.116
MinimumVisualStudioVersion = 10.0.40219.1
Project("{FAE04EC0-301F-11D3-BF4B-00C04F79EFBC}") = "Requirements Game", "Requirements Game\Requirements Game.csproj", "{2D1994E8-07C2-4B2E-BFD2-6F5E4F659081}"
EndProject
Global
	GlobalSection(SolutionConfigurationPlatforms) = preSolution
		Debug|Any CPU = Debug|Any CPU
		Release|Any CPU = Release|Any CPU
	EndGlobalSection
	GlobalSection(ProjectConfigurationPlatforms) = postSolution
		{2D1994E8-07C2-4B2E-BFD2-6F5E4F659081}.Debug|Any CPU.ActiveCfg = Debug|Any CPU
		{2D1994E8-07C2-4B2E-BFD2-6F5E4F659081}.Debug|Any CPU.Build.0 = Debug|Any CPU
		{2D1994E8-07C2-4B2E-BFD2-6F5E4F659081}.Release|Any CPU.ActiveCfg = Release|Any CPU
		{2D1994E8-07C2-4B2E-BFD2-6F5E4F659081}.Release|Any CPU.Build.0 = Release|Any CPU
	EndGlobalSection
	GlobalSection(SolutionProperties) = preSolution
		HideSolutionNode = FALSE
	EndGlobalSection
	GlobalSection(ExtensibilityGlobals) = postSolution
		SolutionGuid = {D71625C3-EAB5-4ACD-ACF6-7FE47A6E75AD}
	EndGlobalSection
EndGlobal
